
Microsoft Visual Studio Solution File, Format Version 12.00
# Visual Studio 15
VisualStudioVersion = 15.0.28307.438
MinimumVisualStudioVersion = 10.0.40219.1
Project("{FAE04EC0-301F-11D3-BF4B-00C04F79EFBC}") = "The_Guild.WebApp", "The_Guild.WebApp\The_Guild.WebApp.csproj", "{A63E7766-C49D-4E36-837E-BE077BF00D0D}"
EndProject
Global
	GlobalSection(SolutionConfigurationPlatforms) = preSolution
		Debug|Any CPU = Debug|Any CPU
		Release|Any CPU = Release|Any CPU
	EndGlobalSection
	GlobalSection(ProjectConfigurationPlatforms) = postSolution
		{A63E7766-C49D-4E36-837E-BE077BF00D0D}.Debug|Any CPU.ActiveCfg = Debug|Any CPU
		{A63E7766-C49D-4E36-837E-BE077BF00D0D}.Debug|Any CPU.Build.0 = Debug|Any CPU
		{A63E7766-C49D-4E36-837E-BE077BF00D0D}.Release|Any CPU.ActiveCfg = Release|Any CPU
		{A63E7766-C49D-4E36-837E-BE077BF00D0D}.Release|Any CPU.Build.0 = Release|Any CPU
	EndGlobalSection
	GlobalSection(SolutionProperties) = preSolution
		HideSolutionNode = FALSE
	EndGlobalSection
	GlobalSection(ExtensibilityGlobals) = postSolution
		SolutionGuid = {CAB125B8-CD85-46EE-9D99-AC08D219C931}
	EndGlobalSection
EndGlobal
